// !$*UTF8*$!
{
	archiveVersion = 1;
	classes = {
	};
	objectVersion = 46;
	objects = {

/* Begin PBXBuildFile section */
		2735BD391DD532B300D9487B /* AppDelegate.swift in Sources */ = {isa = PBXBuildFile; fileRef = 2735BD381DD532B300D9487B /* AppDelegate.swift */; };
		2735BD3B1DD532B300D9487B /* MainPageController.swift in Sources */ = {isa = PBXBuildFile; fileRef = 2735BD3A1DD532B300D9487B /* MainPageController.swift */; };
		2735BD3E1DD532B300D9487B /* Main.storyboard in Resources */ = {isa = PBXBuildFile; fileRef = 2735BD3C1DD532B300D9487B /* Main.storyboard */; };
		2735BD401DD532B300D9487B /* Assets.xcassets in Resources */ = {isa = PBXBuildFile; fileRef = 2735BD3F1DD532B300D9487B /* Assets.xcassets */; };
		2735BD431DD532B300D9487B /* LaunchScreen.storyboard in Resources */ = {isa = PBXBuildFile; fileRef = 2735BD411DD532B300D9487B /* LaunchScreen.storyboard */; };
		2735BD4E1DD532B300D9487B /* demoTests.swift in Sources */ = {isa = PBXBuildFile; fileRef = 2735BD4D1DD532B300D9487B /* demoTests.swift */; };
		2735BD591DD532B300D9487B /* demoUITests.swift in Sources */ = {isa = PBXBuildFile; fileRef = 2735BD581DD532B300D9487B /* demoUITests.swift */; };
		2735BD671DD537D300D9487B /* DetailsViewController.swift in Sources */ = {isa = PBXBuildFile; fileRef = 2735BD661DD537D300D9487B /* DetailsViewController.swift */; };
		2735BD691DD537EC00D9487B /* EditViewController.swift in Sources */ = {isa = PBXBuildFile; fileRef = 2735BD681DD537EC00D9487B /* EditViewController.swift */; };
		2735BD6B1DD53EEE00D9487B /* CancelButtonDelegate.swift in Sources */ = {isa = PBXBuildFile; fileRef = 2735BD6A1DD53EEE00D9487B /* CancelButtonDelegate.swift */; };
		2735BD731DD5434800D9487B /* CustomCell.swift in Sources */ = {isa = PBXBuildFile; fileRef = 2735BD721DD5434800D9487B /* CustomCell.swift */; };
		2773BFE21DD654F500F9300C /* EditViewControllerDelegate.swift in Sources */ = {isa = PBXBuildFile; fileRef = 2773BFE11DD654F500F9300C /* EditViewControllerDelegate.swift */; };
/* End PBXBuildFile section */

/* Begin PBXContainerItemProxy section */
		2735BD4A1DD532B300D9487B /* PBXContainerItemProxy */ = {
			isa = PBXContainerItemProxy;
			containerPortal = 2735BD2D1DD532B300D9487B /* Project object */;
			proxyType = 1;
			remoteGlobalIDString = 2735BD341DD532B300D9487B;
			remoteInfo = demo;
		};
		2735BD551DD532B300D9487B /* PBXContainerItemProxy */ = {
			isa = PBXContainerItemProxy;
			containerPortal = 2735BD2D1DD532B300D9487B /* Project object */;
			proxyType = 1;
			remoteGlobalIDString = 2735BD341DD532B300D9487B;
			remoteInfo = demo;
		};
/* End PBXContainerItemProxy section */

/* Begin PBXFileReference section */
		2735BD351DD532B300D9487B /* demo.app */ = {isa = PBXFileReference; explicitFileType = wrapper.application; includeInIndex = 0; path = demo.app; sourceTree = BUILT_PRODUCTS_DIR; };
		2735BD381DD532B300D9487B /* AppDelegate.swift */ = {isa = PBXFileReference; lastKnownFileType = sourcecode.swift; path = AppDelegate.swift; sourceTree = "<group>"; };
		2735BD3A1DD532B300D9487B /* MainPageController.swift */ = {isa = PBXFileReference; lastKnownFileType = sourcecode.swift; path = MainPageController.swift; sourceTree = "<group>"; };
		2735BD3D1DD532B300D9487B /* Base */ = {isa = PBXFileReference; lastKnownFileType = file.storyboard; name = Base; path = Base.lproj/Main.storyboard; sourceTree = "<group>"; };
		2735BD3F1DD532B300D9487B /* Assets.xcassets */ = {isa = PBXFileReference; lastKnownFileType = folder.assetcatalog; path = Assets.xcassets; sourceTree = "<group>"; };
		2735BD421DD532B300D9487B /* Base */ = {isa = PBXFileReference; lastKnownFileType = file.storyboard; name = Base; path = Base.lproj/LaunchScreen.storyboard; sourceTree = "<group>"; };
		2735BD441DD532B300D9487B /* Info.plist */ = {isa = PBXFileReference; lastKnownFileType = text.plist.xml; path = Info.plist; sourceTree = "<group>"; };
		2735BD491DD532B300D9487B /* demoTests.xctest */ = {isa = PBXFileReference; explicitFileType = wrapper.cfbundle; includeInIndex = 0; path = demoTests.xctest; sourceTree = BUILT_PRODUCTS_DIR; };
		2735BD4D1DD532B300D9487B /* demoTests.swift */ = {isa = PBXFileReference; lastKnownFileType = sourcecode.swift; path = demoTests.swift; sourceTree = "<group>"; };
		2735BD4F1DD532B300D9487B /* Info.plist */ = {isa = PBXFileReference; lastKnownFileType = text.plist.xml; path = Info.plist; sourceTree = "<group>"; };
		2735BD541DD532B300D9487B /* demoUITests.xctest */ = {isa = PBXFileReference; explicitFileType = wrapper.cfbundle; includeInIndex = 0; path = demoUITests.xctest; sourceTree = BUILT_PRODUCTS_DIR; };
		2735BD581DD532B300D9487B /* demoUITests.swift */ = {isa = PBXFileReference; lastKnownFileType = sourcecode.swift; path = demoUITests.swift; sourceTree = "<group>"; };
		2735BD5A1DD532B300D9487B /* Info.plist */ = {isa = PBXFileReference; lastKnownFileType = text.plist.xml; path = Info.plist; sourceTree = "<group>"; };
		2735BD661DD537D300D9487B /* DetailsViewController.swift */ = {isa = PBXFileReference; fileEncoding = 4; lastKnownFileType = sourcecode.swift; path = DetailsViewController.swift; sourceTree = "<group>"; };
		2735BD681DD537EC00D9487B /* EditViewController.swift */ = {isa = PBXFileReference; fileEncoding = 4; lastKnownFileType = sourcecode.swift; path = EditViewController.swift; sourceTree = "<group>"; };
		2735BD6A1DD53EEE00D9487B /* CancelButtonDelegate.swift */ = {isa = PBXFileReference; fileEncoding = 4; lastKnownFileType = sourcecode.swift; path = CancelButtonDelegate.swift; sourceTree = "<group>"; };
		2735BD721DD5434800D9487B /* CustomCell.swift */ = {isa = PBXFileReference; fileEncoding = 4; lastKnownFileType = sourcecode.swift; path = CustomCell.swift; sourceTree = "<group>"; };
		2773BFE11DD654F500F9300C /* EditViewControllerDelegate.swift */ = {isa = PBXFileReference; fileEncoding = 4; lastKnownFileType = sourcecode.swift; path = EditViewControllerDelegate.swift; sourceTree = "<group>"; };
/* End PBXFileReference section */

/* Begin PBXFrameworksBuildPhase section */
		2735BD321DD532B300D9487B /* Frameworks */ = {
			isa = PBXFrameworksBuildPhase;
			buildActionMask = 2147483647;
			files = (
			);
			runOnlyForDeploymentPostprocessing = 0;
		};
		2735BD461DD532B300D9487B /* Frameworks */ = {
			isa = PBXFrameworksBuildPhase;
			buildActionMask = 2147483647;
			files = (
			);
			runOnlyForDeploymentPostprocessing = 0;
		};
		2735BD511DD532B300D9487B /* Frameworks */ = {
			isa = PBXFrameworksBuildPhase;
			buildActionMask = 2147483647;
			files = (
			);
			runOnlyForDeploymentPostprocessing = 0;
		};
/* End PBXFrameworksBuildPhase section */

/* Begin PBXGroup section */
		2735BD2C1DD532B300D9487B = {
			isa = PBXGroup;
			children = (
				2735BD371DD532B300D9487B /* demo */,
				2735BD4C1DD532B300D9487B /* demoTests */,
				2735BD571DD532B300D9487B /* demoUITests */,
				2735BD361DD532B300D9487B /* Products */,
			);
			sourceTree = "<group>";
		};
		2735BD361DD532B300D9487B /* Products */ = {
			isa = PBXGroup;
			children = (
				2735BD351DD532B300D9487B /* demo.app */,
				2735BD491DD532B300D9487B /* demoTests.xctest */,
				2735BD541DD532B300D9487B /* demoUITests.xctest */,
			);
			name = Products;
			sourceTree = "<group>";
		};
		2735BD371DD532B300D9487B /* demo */ = {
			isa = PBXGroup;
			children = (
				2735BD381DD532B300D9487B /* AppDelegate.swift */,
				2735BD6A1DD53EEE00D9487B /* CancelButtonDelegate.swift */,
				2735BD3A1DD532B300D9487B /* MainPageController.swift */,
				2735BD661DD537D300D9487B /* DetailsViewController.swift */,
				2735BD681DD537EC00D9487B /* EditViewController.swift */,
				2773BFE11DD654F500F9300C /* EditViewControllerDelegate.swift */,
				2735BD3C1DD532B300D9487B /* Main.storyboard */,
				2735BD3F1DD532B300D9487B /* Assets.xcassets */,
				2735BD411DD532B300D9487B /* LaunchScreen.storyboard */,
				2735BD441DD532B300D9487B /* Info.plist */,
				2735BD721DD5434800D9487B /* CustomCell.swift */,
			);
			path = demo;
			sourceTree = "<group>";
		};
		2735BD4C1DD532B300D9487B /* demoTests */ = {
			isa = PBXGroup;
			children = (
				2735BD4D1DD532B300D9487B /* demoTests.swift */,
				2735BD4F1DD532B300D9487B /* Info.plist */,
			);
			path = demoTests;
			sourceTree = "<group>";
		};
		2735BD571DD532B300D9487B /* demoUITests */ = {
			isa = PBXGroup;
			children = (
				2735BD581DD532B300D9487B /* demoUITests.swift */,
				2735BD5A1DD532B300D9487B /* Info.plist */,
			);
			path = demoUITests;
			sourceTree = "<group>";
		};
/* End PBXGroup section */

/* Begin PBXNativeTarget section */
		2735BD341DD532B300D9487B /* demo */ = {
			isa = PBXNativeTarget;
			buildConfigurationList = 2735BD5D1DD532B300D9487B /* Build configuration list for PBXNativeTarget "demo" */;
			buildPhases = (
				2735BD311DD532B300D9487B /* Sources */,
				2735BD321DD532B300D9487B /* Frameworks */,
				2735BD331DD532B300D9487B /* Resources */,
			);
			buildRules = (
			);
			dependencies = (
			);
			name = demo;
			productName = demo;
			productReference = 2735BD351DD532B300D9487B /* demo.app */;
			productType = "com.apple.product-type.application";
		};
		2735BD481DD532B300D9487B /* demoTests */ = {
			isa = PBXNativeTarget;
			buildConfigurationList = 2735BD601DD532B300D9487B /* Build configuration list for PBXNativeTarget "demoTests" */;
			buildPhases = (
				2735BD451DD532B300D9487B /* Sources */,
				2735BD461DD532B300D9487B /* Frameworks */,
				2735BD471DD532B300D9487B /* Resources */,
			);
			buildRules = (
			);
			dependencies = (
				2735BD4B1DD532B300D9487B /* PBXTargetDependency */,
			);
			name = demoTests;
			productName = demoTests;
			productReference = 2735BD491DD532B300D9487B /* demoTests.xctest */;
			productType = "com.apple.product-type.bundle.unit-test";
		};
		2735BD531DD532B300D9487B /* demoUITests */ = {
			isa = PBXNativeTarget;
			buildConfigurationList = 2735BD631DD532B300D9487B /* Build configuration list for PBXNativeTarget "demoUITests" */;
			buildPhases = (
				2735BD501DD532B300D9487B /* Sources */,
				2735BD511DD532B300D9487B /* Frameworks */,
				2735BD521DD532B300D9487B /* Resources */,
			);
			buildRules = (
			);
			dependencies = (
				2735BD561DD532B300D9487B /* PBXTargetDependency */,
			);
			name = demoUITests;
			productName = demoUITests;
			productReference = 2735BD541DD532B300D9487B /* demoUITests.xctest */;
			productType = "com.apple.product-type.bundle.ui-testing";
		};
/* End PBXNativeTarget section */

/* Begin PBXProject section */
		2735BD2D1DD532B300D9487B /* Project object */ = {
			isa = PBXProject;
			attributes = {
				LastSwiftUpdateCheck = 0810;
				LastUpgradeCheck = 0810;
				ORGANIZATIONNAME = "Minh Pham";
				TargetAttributes = {
					2735BD341DD532B300D9487B = {
						CreatedOnToolsVersion = 8.1;
						ProvisioningStyle = Automatic;
					};
					2735BD481DD532B300D9487B = {
						CreatedOnToolsVersion = 8.1;
						ProvisioningStyle = Automatic;
						TestTargetID = 2735BD341DD532B300D9487B;
					};
					2735BD531DD532B300D9487B = {
						CreatedOnToolsVersion = 8.1;
						ProvisioningStyle = Automatic;
						TestTargetID = 2735BD341DD532B300D9487B;
					};
				};
			};
			buildConfigurationList = 2735BD301DD532B300D9487B /* Build configuration list for PBXProject "demo" */;
			compatibilityVersion = "Xcode 3.2";
			developmentRegion = English;
			hasScannedForEncodings = 0;
			knownRegions = (
				en,
				Base,
			);
			mainGroup = 2735BD2C1DD532B300D9487B;
			productRefGroup = 2735BD361DD532B300D9487B /* Products */;
			projectDirPath = "";
			projectRoot = "";
			targets = (
				2735BD341DD532B300D9487B /* demo */,
				2735BD481DD532B300D9487B /* demoTests */,
				2735BD531DD532B300D9487B /* demoUITests */,
			);
		};
/* End PBXProject section */

/* Begin PBXResourcesBuildPhase section */
		2735BD331DD532B300D9487B /* Resources */ = {
			isa = PBXResourcesBuildPhase;
			buildActionMask = 2147483647;
			files = (
				2735BD431DD532B300D9487B /* LaunchScreen.storyboard in Resources */,
				2735BD401DD532B300D9487B /* Assets.xcassets in Resources */,
				2735BD3E1DD532B300D9487B /* Main.storyboard in Resources */,
			);
			runOnlyForDeploymentPostprocessing = 0;
		};
		2735BD471DD532B300D9487B /* Resources */ = {
			isa = PBXResourcesBuildPhase;
			buildActionMask = 2147483647;
			files = (
			);
			runOnlyForDeploymentPostprocessing = 0;
		};
		2735BD521DD532B300D9487B /* Resources */ = {
			isa = PBXResourcesBuildPhase;
			buildActionMask = 2147483647;
			files = (
			);
			runOnlyForDeploymentPostprocessing = 0;
		};
/* End PBXResourcesBuildPhase section */

/* Begin PBXSourcesBuildPhase section */
		2735BD311DD532B300D9487B /* Sources */ = {
			isa = PBXSourcesBuildPhase;
			buildActionMask = 2147483647;
			files = (
				2735BD6B1DD53EEE00D9487B /* CancelButtonDelegate.swift in Sources */,
				2735BD691DD537EC00D9487B /* EditViewController.swift in Sources */,
				2735BD3B1DD532B300D9487B /* MainPageController.swift in Sources */,
				2735BD391DD532B300D9487B /* AppDelegate.swift in Sources */,
				2735BD731DD5434800D9487B /* CustomCell.swift in Sources */,
				2735BD671DD537D300D9487B /* DetailsViewController.swift in Sources */,
				2773BFE21DD654F500F9300C /* EditViewControllerDelegate.swift in Sources */,
			);
			runOnlyForDeploymentPostprocessing = 0;
		};
		2735BD451DD532B300D9487B /* Sources */ = {
			isa = PBXSourcesBuildPhase;
			buildActionMask = 2147483647;
			files = (
				2735BD4E1DD532B300D9487B /* demoTests.swift in Sources */,
			);
			runOnlyForDeploymentPostprocessing = 0;
		};
		2735BD501DD532B300D9487B /* Sources */ = {
			isa = PBXSourcesBuildPhase;
			buildActionMask = 2147483647;
			files = (
				2735BD591DD532B300D9487B /* demoUITests.swift in Sources */,
			);
			runOnlyForDeploymentPostprocessing = 0;
		};
/* End PBXSourcesBuildPhase section */

/* Begin PBXTargetDependency section */
		2735BD4B1DD532B300D9487B /* PBXTargetDependency */ = {
			isa = PBXTargetDependency;
			target = 2735BD341DD532B300D9487B /* demo */;
			targetProxy = 2735BD4A1DD532B300D9487B /* PBXContainerItemProxy */;
		};
		2735BD561DD532B300D9487B /* PBXTargetDependency */ = {
			isa = PBXTargetDependency;
			target = 2735BD341DD532B300D9487B /* demo */;
			targetProxy = 2735BD551DD532B300D9487B /* PBXContainerItemProxy */;
		};
/* End PBXTargetDependency section */

/* Begin PBXVariantGroup section */
		2735BD3C1DD532B300D9487B /* Main.storyboard */ = {
			isa = PBXVariantGroup;
			children = (
				2735BD3D1DD532B300D9487B /* Base */,
			);
			name = Main.storyboard;
			sourceTree = "<group>";
		};
		2735BD411DD532B300D9487B /* LaunchScreen.storyboard */ = {
			isa = PBXVariantGroup;
			children = (
				2735BD421DD532B300D9487B /* Base */,
			);
			name = LaunchScreen.storyboard;
			sourceTree = "<group>";
		};
/* End PBXVariantGroup section */

/* Begin XCBuildConfiguration section */
		2735BD5B1DD532B300D9487B /* Debug */ = {
			isa = XCBuildConfiguration;
			buildSettings = {
				ALWAYS_SEARCH_USER_PATHS = NO;
				CLANG_ANALYZER_NONNULL = YES;
				CLANG_CXX_LANGUAGE_STANDARD = "gnu++0x";
				CLANG_CXX_LIBRARY = "libc++";
				CLANG_ENABLE_MODULES = YES;
				CLANG_ENABLE_OBJC_ARC = YES;
				CLANG_WARN_BOOL_CONVERSION = YES;
				CLANG_WARN_CONSTANT_CONVERSION = YES;
				CLANG_WARN_DIRECT_OBJC_ISA_USAGE = YES_ERROR;
				CLANG_WARN_DOCUMENTATION_COMMENTS = YES;
				CLANG_WARN_EMPTY_BODY = YES;
				CLANG_WARN_ENUM_CONVERSION = YES;
				CLANG_WARN_INFINITE_RECURSION = YES;
				CLANG_WARN_INT_CONVERSION = YES;
				CLANG_WARN_OBJC_ROOT_CLASS = YES_ERROR;
				CLANG_WARN_SUSPICIOUS_MOVES = YES;
				CLANG_WARN_UNREACHABLE_CODE = YES;
				CLANG_WARN__DUPLICATE_METHOD_MATCH = YES;
				"CODE_SIGN_IDENTITY[sdk=iphoneos*]" = "iPhone Developer";
				COPY_PHASE_STRIP = NO;
				DEBUG_INFORMATION_FORMAT = dwarf;
				ENABLE_STRICT_OBJC_MSGSEND = YES;
				ENABLE_TESTABILITY = YES;
				GCC_C_LANGUAGE_STANDARD = gnu99;
				GCC_DYNAMIC_NO_PIC = NO;
				GCC_NO_COMMON_BLOCKS = YES;
				GCC_OPTIMIZATION_LEVEL = 0;
				GCC_PREPROCESSOR_DEFINITIONS = (
					"DEBUG=1",
					"$(inherited)",
				);
				GCC_WARN_64_TO_32_BIT_CONVERSION = YES;
				GCC_WARN_ABOUT_RETURN_TYPE = YES_ERROR;
				GCC_WARN_UNDECLARED_SELECTOR = YES;
				GCC_WARN_UNINITIALIZED_AUTOS = YES_AGGRESSIVE;
				GCC_WARN_UNUSED_FUNCTION = YES;
				GCC_WARN_UNUSED_VARIABLE = YES;
				IPHONEOS_DEPLOYMENT_TARGET = 10.1;
				MTL_ENABLE_DEBUG_INFO = YES;
				ONLY_ACTIVE_ARCH = YES;
				SDKROOT = iphoneos;
				SWIFT_ACTIVE_COMPILATION_CONDITIONS = DEBUG;
				SWIFT_OPTIMIZATION_LEVEL = "-Onone";
				TARGETED_DEVICE_FAMILY = "1,2";
			};
			name = Debug;
		};
		2735BD5C1DD532B300D9487B /* Release */ = {
			isa = XCBuildConfiguration;
			buildSettings = {
				ALWAYS_SEARCH_USER_PATHS = NO;
				CLANG_ANALYZER_NONNULL = YES;
				CLANG_CXX_LANGUAGE_STANDARD = "gnu++0x";
				CLANG_CXX_LIBRARY = "libc++";
				CLANG_ENABLE_MODULES = YES;
				CLANG_ENABLE_OBJC_ARC = YES;
				CLANG_WARN_BOOL_CONVERSION = YES;
				CLANG_WARN_CONSTANT_CONVERSION = YES;
				CLANG_WARN_DIRECT_OBJC_ISA_USAGE = YES_ERROR;
				CLANG_WARN_DOCUMENTATION_COMMENTS = YES;
				CLANG_WARN_EMPTY_BODY = YES;
				CLANG_WARN_ENUM_CONVERSION = YES;
				CLANG_WARN_INFINITE_RECURSION = YES;
				CLANG_WARN_INT_CONVERSION = YES;
				CLANG_WARN_OBJC_ROOT_CLASS = YES_ERROR;
				CLANG_WARN_SUSPICIOUS_MOVES = YES;
				CLANG_WARN_UNREACHABLE_CODE = YES;
				CLANG_WARN__DUPLICATE_METHOD_MATCH = YES;
				"CODE_SIGN_IDENTITY[sdk=iphoneos*]" = "iPhone Developer";
				COPY_PHASE_STRIP = NO;
				DEBUG_INFORMATION_FORMAT = "dwarf-with-dsym";
				ENABLE_NS_ASSERTIONS = NO;
				ENABLE_STRICT_OBJC_MSGSEND = YES;
				GCC_C_LANGUAGE_STANDARD = gnu99;
				GCC_NO_COMMON_BLOCKS = YES;
				GCC_WARN_64_TO_32_BIT_CONVERSION = YES;
				GCC_WARN_ABOUT_RETURN_TYPE = YES_ERROR;
				GCC_WARN_UNDECLARED_SELECTOR = YES;
				GCC_WARN_UNINITIALIZED_AUTOS = YES_AGGRESSIVE;
				GCC_WARN_UNUSED_FUNCTION = YES;
				GCC_WARN_UNUSED_VARIABLE = YES;
				IPHONEOS_DEPLOYMENT_TARGET = 10.1;
				MTL_ENABLE_DEBUG_INFO = NO;
				SDKROOT = iphoneos;
				SWIFT_OPTIMIZATION_LEVEL = "-Owholemodule";
				TARGETED_DEVICE_FAMILY = "1,2";
				VALIDATE_PRODUCT = YES;
			};
			name = Release;
		};
		2735BD5E1DD532B300D9487B /* Debug */ = {
			isa = XCBuildConfiguration;
			buildSettings = {
				ASSETCATALOG_COMPILER_APPICON_NAME = AppIcon;
				INFOPLIST_FILE = demo/Info.plist;
				LD_RUNPATH_SEARCH_PATHS = "$(inherited) @executable_path/Frameworks";
				PRODUCT_BUNDLE_IDENTIFIER = "single-view-project.demo";
				PRODUCT_NAME = "$(TARGET_NAME)";
				SWIFT_VERSION = 2.3;
			};
			name = Debug;
		};
		2735BD5F1DD532B300D9487B /* Release */ = {
			isa = XCBuildConfiguration;
			buildSettings = {
				ASSETCATALOG_COMPILER_APPICON_NAME = AppIcon;
				INFOPLIST_FILE = demo/Info.plist;
				LD_RUNPATH_SEARCH_PATHS = "$(inherited) @executable_path/Frameworks";
				PRODUCT_BUNDLE_IDENTIFIER = "single-view-project.demo";
				PRODUCT_NAME = "$(TARGET_NAME)";
				SWIFT_VERSION = 2.3;
			};
			name = Release;
		};
		2735BD611DD532B300D9487B /* Debug */ = {
			isa = XCBuildConfiguration;
			buildSettings = {
				ALWAYS_EMBED_SWIFT_STANDARD_LIBRARIES = YES;
				BUNDLE_LOADER = "$(TEST_HOST)";
				INFOPLIST_FILE = demoTests/Info.plist;
				LD_RUNPATH_SEARCH_PATHS = "$(inherited) @executable_path/Frameworks @loader_path/Frameworks";
				PRODUCT_BUNDLE_IDENTIFIER = "single-view-project.demoTests";
				PRODUCT_NAME = "$(TARGET_NAME)";
				SWIFT_VERSION = 3.0;
				TEST_HOST = "$(BUILT_PRODUCTS_DIR)/demo.app/demo";
			};
			name = Debug;
		};
		2735BD621DD532B300D9487B /* Release */ = {
			isa = XCBuildConfiguration;
			buildSettings = {
				ALWAYS_EMBED_SWIFT_STANDARD_LIBRARIES = YES;
				BUNDLE_LOADER = "$(TEST_HOST)";
				INFOPLIST_FILE = demoTests/Info.plist;
				LD_RUNPATH_SEARCH_PATHS = "$(inherited) @executable_path/Frameworks @loader_path/Frameworks";
				PRODUCT_BUNDLE_IDENTIFIER = "single-view-project.demoTests";
				PRODUCT_NAME = "$(TARGET_NAME)";
				SWIFT_VERSION = 3.0;
				TEST_HOST = "$(BUILT_PRODUCTS_DIR)/demo.app/demo";
			};
			name = Release;
		};
		2735BD641DD532B300D9487B /* Debug */ = {
			isa = XCBuildConfiguration;
			buildSettings = {
				ALWAYS_EMBED_SWIFT_STANDARD_LIBRARIES = YES;
				INFOPLIST_FILE = demoUITests/Info.plist;
				LD_RUNPATH_SEARCH_PATHS = "$(inherited) @executable_path/Frameworks @loader_path/Frameworks";
				PRODUCT_BUNDLE_IDENTIFIER = "single-view-project.demoUITests";
				PRODUCT_NAME = "$(TARGET_NAME)";
				SWIFT_VERSION = 3.0;
				TEST_TARGET_NAME = demo;
			};
			name = Debug;
		};
		2735BD651DD532B300D9487B /* Release */ = {
			isa = XCBuildConfiguration;
			buildSettings = {
				ALWAYS_EMBED_SWIFT_STANDARD_LIBRARIES = YES;
				INFOPLIST_FILE = demoUITests/Info.plist;
				LD_RUNPATH_SEARCH_PATHS = "$(inherited) @executable_path/Frameworks @loader_path/Frameworks";
				PRODUCT_BUNDLE_IDENTIFIER = "single-view-project.demoUITests";
				PRODUCT_NAME = "$(TARGET_NAME)";
				SWIFT_VERSION = 3.0;
				TEST_TARGET_NAME = demo;
			};
			name = Release;
		};
/* End XCBuildConfiguration section */

/* Begin XCConfigurationList section */
		2735BD301DD532B300D9487B /* Build configuration list for PBXProject "demo" */ = {
			isa = XCConfigurationList;
			buildConfigurations = (
				2735BD5B1DD532B300D9487B /* Debug */,
				2735BD5C1DD532B300D9487B /* Release */,
			);
			defaultConfigurationIsVisible = 0;
			defaultConfigurationName = Release;
		};
		2735BD5D1DD532B300D9487B /* Build configuration list for PBXNativeTarget "demo" */ = {
			isa = XCConfigurationList;
			buildConfigurations = (
				2735BD5E1DD532B300D9487B /* Debug */,
				2735BD5F1DD532B300D9487B /* Release */,
			);
			defaultConfigurationIsVisible = 0;
			defaultConfigurationName = Release;
		};
		2735BD601DD532B300D9487B /* Build configuration list for PBXNativeTarget "demoTests" */ = {
			isa = XCConfigurationList;
			buildConfigurations = (
				2735BD611DD532B300D9487B /* Debug */,
				2735BD621DD532B300D9487B /* Release */,
			);
			defaultConfigurationIsVisible = 0;
			defaultConfigurationName = Release;
		};
		2735BD631DD532B300D9487B /* Build configuration list for PBXNativeTarget "demoUITests" */ = {
			isa = XCConfigurationList;
			buildConfigurations = (
				2735BD641DD532B300D9487B /* Debug */,
				2735BD651DD532B300D9487B /* Release */,
			);
			defaultConfigurationIsVisible = 0;
			defaultConfigurationName = Release;
		};
/* End XCConfigurationList section */
	};
	rootObject = 2735BD2D1DD532B300D9487B /* Project object */;
}
