// !$*UTF8*$!
{
	archiveVersion = 1;
	classes = {
	};
	objectVersion = 46;
	objects = {

/* Begin PBXBuildFile section */
		27BD4BF21DD1516000D60BF5 /* AppDelegate.swift in Sources */ = {isa = PBXBuildFile; fileRef = 27BD4BF11DD1516000D60BF5 /* AppDelegate.swift */; };
		27BD4BF41DD1516000D60BF5 /* ViewController.swift in Sources */ = {isa = PBXBuildFile; fileRef = 27BD4BF31DD1516000D60BF5 /* ViewController.swift */; };
		27BD4BF71DD1516000D60BF5 /* Main.storyboard in Resources */ = {isa = PBXBuildFile; fileRef = 27BD4BF51DD1516000D60BF5 /* Main.storyboard */; };
		27BD4BF91DD1516000D60BF5 /* Assets.xcassets in Resources */ = {isa = PBXBuildFile; fileRef = 27BD4BF81DD1516000D60BF5 /* Assets.xcassets */; };
		27BD4BFC1DD1516000D60BF5 /* LaunchScreen.storyboard in Resources */ = {isa = PBXBuildFile; fileRef = 27BD4BFA1DD1516000D60BF5 /* LaunchScreen.storyboard */; };
		27BD4C071DD1516000D60BF5 /* bucket_list_crudTests.swift in Sources */ = {isa = PBXBuildFile; fileRef = 27BD4C061DD1516000D60BF5 /* bucket_list_crudTests.swift */; };
		27BD4C121DD1516000D60BF5 /* bucket_list_crudUITests.swift in Sources */ = {isa = PBXBuildFile; fileRef = 27BD4C111DD1516000D60BF5 /* bucket_list_crudUITests.swift */; };
		27BD4C201DD154E300D60BF5 /* cancelButton.swift in Sources */ = {isa = PBXBuildFile; fileRef = 27BD4C1F1DD154E300D60BF5 /* cancelButton.swift */; };
		27BD4C221DD1556E00D60BF5 /* MissionDetailViewController.swift in Sources */ = {isa = PBXBuildFile; fileRef = 27BD4C211DD1556E00D60BF5 /* MissionDetailViewController.swift */; };
		27BD4C241DD15D2400D60BF5 /* MissionDetailViewControllerDelegate.swift in Sources */ = {isa = PBXBuildFile; fileRef = 27BD4C231DD15D2400D60BF5 /* MissionDetailViewControllerDelegate.swift */; };
/* End PBXBuildFile section */

/* Begin PBXContainerItemProxy section */
		27BD4C031DD1516000D60BF5 /* PBXContainerItemProxy */ = {
			isa = PBXContainerItemProxy;
			containerPortal = 27BD4BE61DD1516000D60BF5 /* Project object */;
			proxyType = 1;
			remoteGlobalIDString = 27BD4BED1DD1516000D60BF5;
			remoteInfo = bucket_list_crud;
		};
		27BD4C0E1DD1516000D60BF5 /* PBXContainerItemProxy */ = {
			isa = PBXContainerItemProxy;
			containerPortal = 27BD4BE61DD1516000D60BF5 /* Project object */;
			proxyType = 1;
			remoteGlobalIDString = 27BD4BED1DD1516000D60BF5;
			remoteInfo = bucket_list_crud;
		};
/* End PBXContainerItemProxy section */

/* Begin PBXFileReference section */
		27BD4BEE1DD1516000D60BF5 /* bucket_list_crud.app */ = {isa = PBXFileReference; explicitFileType = wrapper.application; includeInIndex = 0; path = bucket_list_crud.app; sourceTree = BUILT_PRODUCTS_DIR; };
		27BD4BF11DD1516000D60BF5 /* AppDelegate.swift */ = {isa = PBXFileReference; lastKnownFileType = sourcecode.swift; path = AppDelegate.swift; sourceTree = "<group>"; };
		27BD4BF31DD1516000D60BF5 /* ViewController.swift */ = {isa = PBXFileReference; lastKnownFileType = sourcecode.swift; path = ViewController.swift; sourceTree = "<group>"; };
		27BD4BF61DD1516000D60BF5 /* Base */ = {isa = PBXFileReference; lastKnownFileType = file.storyboard; name = Base; path = Base.lproj/Main.storyboard; sourceTree = "<group>"; };
		27BD4BF81DD1516000D60BF5 /* Assets.xcassets */ = {isa = PBXFileReference; lastKnownFileType = folder.assetcatalog; path = Assets.xcassets; sourceTree = "<group>"; };
		27BD4BFB1DD1516000D60BF5 /* Base */ = {isa = PBXFileReference; lastKnownFileType = file.storyboard; name = Base; path = Base.lproj/LaunchScreen.storyboard; sourceTree = "<group>"; };
		27BD4BFD1DD1516000D60BF5 /* Info.plist */ = {isa = PBXFileReference; lastKnownFileType = text.plist.xml; path = Info.plist; sourceTree = "<group>"; };
		27BD4C021DD1516000D60BF5 /* bucket_list_crudTests.xctest */ = {isa = PBXFileReference; explicitFileType = wrapper.cfbundle; includeInIndex = 0; path = bucket_list_crudTests.xctest; sourceTree = BUILT_PRODUCTS_DIR; };
		27BD4C061DD1516000D60BF5 /* bucket_list_crudTests.swift */ = {isa = PBXFileReference; lastKnownFileType = sourcecode.swift; path = bucket_list_crudTests.swift; sourceTree = "<group>"; };
		27BD4C081DD1516000D60BF5 /* Info.plist */ = {isa = PBXFileReference; lastKnownFileType = text.plist.xml; path = Info.plist; sourceTree = "<group>"; };
		27BD4C0D1DD1516000D60BF5 /* bucket_list_crudUITests.xctest */ = {isa = PBXFileReference; explicitFileType = wrapper.cfbundle; includeInIndex = 0; path = bucket_list_crudUITests.xctest; sourceTree = BUILT_PRODUCTS_DIR; };
		27BD4C111DD1516000D60BF5 /* bucket_list_crudUITests.swift */ = {isa = PBXFileReference; lastKnownFileType = sourcecode.swift; path = bucket_list_crudUITests.swift; sourceTree = "<group>"; };
		27BD4C131DD1516000D60BF5 /* Info.plist */ = {isa = PBXFileReference; lastKnownFileType = text.plist.xml; path = Info.plist; sourceTree = "<group>"; };
		27BD4C1F1DD154E300D60BF5 /* cancelButton.swift */ = {isa = PBXFileReference; fileEncoding = 4; lastKnownFileType = sourcecode.swift; path = cancelButton.swift; sourceTree = "<group>"; };
		27BD4C211DD1556E00D60BF5 /* MissionDetailViewController.swift */ = {isa = PBXFileReference; fileEncoding = 4; lastKnownFileType = sourcecode.swift; path = MissionDetailViewController.swift; sourceTree = "<group>"; };
		27BD4C231DD15D2400D60BF5 /* MissionDetailViewControllerDelegate.swift */ = {isa = PBXFileReference; fileEncoding = 4; lastKnownFileType = sourcecode.swift; path = MissionDetailViewControllerDelegate.swift; sourceTree = "<group>"; };
/* End PBXFileReference section */

/* Begin PBXFrameworksBuildPhase section */
		27BD4BEB1DD1516000D60BF5 /* Frameworks */ = {
			isa = PBXFrameworksBuildPhase;
			buildActionMask = 2147483647;
			files = (
			);
			runOnlyForDeploymentPostprocessing = 0;
		};
		27BD4BFF1DD1516000D60BF5 /* Frameworks */ = {
			isa = PBXFrameworksBuildPhase;
			buildActionMask = 2147483647;
			files = (
			);
			runOnlyForDeploymentPostprocessing = 0;
		};
		27BD4C0A1DD1516000D60BF5 /* Frameworks */ = {
			isa = PBXFrameworksBuildPhase;
			buildActionMask = 2147483647;
			files = (
			);
			runOnlyForDeploymentPostprocessing = 0;
		};
/* End PBXFrameworksBuildPhase section */

/* Begin PBXGroup section */
		27BD4BE51DD1516000D60BF5 = {
			isa = PBXGroup;
			children = (
				27BD4BF01DD1516000D60BF5 /* bucket_list_crud */,
				27BD4C051DD1516000D60BF5 /* bucket_list_crudTests */,
				27BD4C101DD1516000D60BF5 /* bucket_list_crudUITests */,
				27BD4BEF1DD1516000D60BF5 /* Products */,
			);
			sourceTree = "<group>";
		};
		27BD4BEF1DD1516000D60BF5 /* Products */ = {
			isa = PBXGroup;
			children = (
				27BD4BEE1DD1516000D60BF5 /* bucket_list_crud.app */,
				27BD4C021DD1516000D60BF5 /* bucket_list_crudTests.xctest */,
				27BD4C0D1DD1516000D60BF5 /* bucket_list_crudUITests.xctest */,
			);
			name = Products;
			sourceTree = "<group>";
		};
		27BD4BF01DD1516000D60BF5 /* bucket_list_crud */ = {
			isa = PBXGroup;
			children = (
				27BD4BF11DD1516000D60BF5 /* AppDelegate.swift */,
				27BD4BF31DD1516000D60BF5 /* ViewController.swift */,
				27BD4BF51DD1516000D60BF5 /* Main.storyboard */,
				27BD4C211DD1556E00D60BF5 /* MissionDetailViewController.swift */,
				27BD4C231DD15D2400D60BF5 /* MissionDetailViewControllerDelegate.swift */,
				27BD4C1F1DD154E300D60BF5 /* cancelButton.swift */,
				27BD4BF81DD1516000D60BF5 /* Assets.xcassets */,
				27BD4BFA1DD1516000D60BF5 /* LaunchScreen.storyboard */,
				27BD4BFD1DD1516000D60BF5 /* Info.plist */,
			);
			path = bucket_list_crud;
			sourceTree = "<group>";
		};
		27BD4C051DD1516000D60BF5 /* bucket_list_crudTests */ = {
			isa = PBXGroup;
			children = (
				27BD4C061DD1516000D60BF5 /* bucket_list_crudTests.swift */,
				27BD4C081DD1516000D60BF5 /* Info.plist */,
			);
			path = bucket_list_crudTests;
			sourceTree = "<group>";
		};
		27BD4C101DD1516000D60BF5 /* bucket_list_crudUITests */ = {
			isa = PBXGroup;
			children = (
				27BD4C111DD1516000D60BF5 /* bucket_list_crudUITests.swift */,
				27BD4C131DD1516000D60BF5 /* Info.plist */,
			);
			path = bucket_list_crudUITests;
			sourceTree = "<group>";
		};
/* End PBXGroup section */

/* Begin PBXNativeTarget section */
		27BD4BED1DD1516000D60BF5 /* bucket_list_crud */ = {
			isa = PBXNativeTarget;
			buildConfigurationList = 27BD4C161DD1516000D60BF5 /* Build configuration list for PBXNativeTarget "bucket_list_crud" */;
			buildPhases = (
				27BD4BEA1DD1516000D60BF5 /* Sources */,
				27BD4BEB1DD1516000D60BF5 /* Frameworks */,
				27BD4BEC1DD1516000D60BF5 /* Resources */,
			);
			buildRules = (
			);
			dependencies = (
			);
			name = bucket_list_crud;
			productName = bucket_list_crud;
			productReference = 27BD4BEE1DD1516000D60BF5 /* bucket_list_crud.app */;
			productType = "com.apple.product-type.application";
		};
		27BD4C011DD1516000D60BF5 /* bucket_list_crudTests */ = {
			isa = PBXNativeTarget;
			buildConfigurationList = 27BD4C191DD1516000D60BF5 /* Build configuration list for PBXNativeTarget "bucket_list_crudTests" */;
			buildPhases = (
				27BD4BFE1DD1516000D60BF5 /* Sources */,
				27BD4BFF1DD1516000D60BF5 /* Frameworks */,
				27BD4C001DD1516000D60BF5 /* Resources */,
			);
			buildRules = (
			);
			dependencies = (
				27BD4C041DD1516000D60BF5 /* PBXTargetDependency */,
			);
			name = bucket_list_crudTests;
			productName = bucket_list_crudTests;
			productReference = 27BD4C021DD1516000D60BF5 /* bucket_list_crudTests.xctest */;
			productType = "com.apple.product-type.bundle.unit-test";
		};
		27BD4C0C1DD1516000D60BF5 /* bucket_list_crudUITests */ = {
			isa = PBXNativeTarget;
			buildConfigurationList = 27BD4C1C1DD1516000D60BF5 /* Build configuration list for PBXNativeTarget "bucket_list_crudUITests" */;
			buildPhases = (
				27BD4C091DD1516000D60BF5 /* Sources */,
				27BD4C0A1DD1516000D60BF5 /* Frameworks */,
				27BD4C0B1DD1516000D60BF5 /* Resources */,
			);
			buildRules = (
			);
			dependencies = (
				27BD4C0F1DD1516000D60BF5 /* PBXTargetDependency */,
			);
			name = bucket_list_crudUITests;
			productName = bucket_list_crudUITests;
			productReference = 27BD4C0D1DD1516000D60BF5 /* bucket_list_crudUITests.xctest */;
			productType = "com.apple.product-type.bundle.ui-testing";
		};
/* End PBXNativeTarget section */

/* Begin PBXProject section */
		27BD4BE61DD1516000D60BF5 /* Project object */ = {
			isa = PBXProject;
			attributes = {
				LastSwiftUpdateCheck = 0810;
				LastUpgradeCheck = 0810;
				ORGANIZATIONNAME = "Minh Pham";
				TargetAttributes = {
					27BD4BED1DD1516000D60BF5 = {
						CreatedOnToolsVersion = 8.1;
						ProvisioningStyle = Automatic;
					};
					27BD4C011DD1516000D60BF5 = {
						CreatedOnToolsVersion = 8.1;
						ProvisioningStyle = Automatic;
						TestTargetID = 27BD4BED1DD1516000D60BF5;
					};
					27BD4C0C1DD1516000D60BF5 = {
						CreatedOnToolsVersion = 8.1;
						ProvisioningStyle = Automatic;
						TestTargetID = 27BD4BED1DD1516000D60BF5;
					};
				};
			};
			buildConfigurationList = 27BD4BE91DD1516000D60BF5 /* Build configuration list for PBXProject "bucket_list_crud" */;
			compatibilityVersion = "Xcode 3.2";
			developmentRegion = English;
			hasScannedForEncodings = 0;
			knownRegions = (
				en,
				Base,
			);
			mainGroup = 27BD4BE51DD1516000D60BF5;
			productRefGroup = 27BD4BEF1DD1516000D60BF5 /* Products */;
			projectDirPath = "";
			projectRoot = "";
			targets = (
				27BD4BED1DD1516000D60BF5 /* bucket_list_crud */,
				27BD4C011DD1516000D60BF5 /* bucket_list_crudTests */,
				27BD4C0C1DD1516000D60BF5 /* bucket_list_crudUITests */,
			);
		};
/* End PBXProject section */

/* Begin PBXResourcesBuildPhase section */
		27BD4BEC1DD1516000D60BF5 /* Resources */ = {
			isa = PBXResourcesBuildPhase;
			buildActionMask = 2147483647;
			files = (
				27BD4BFC1DD1516000D60BF5 /* LaunchScreen.storyboard in Resources */,
				27BD4BF91DD1516000D60BF5 /* Assets.xcassets in Resources */,
				27BD4BF71DD1516000D60BF5 /* Main.storyboard in Resources */,
			);
			runOnlyForDeploymentPostprocessing = 0;
		};
		27BD4C001DD1516000D60BF5 /* Resources */ = {
			isa = PBXResourcesBuildPhase;
			buildActionMask = 2147483647;
			files = (
			);
			runOnlyForDeploymentPostprocessing = 0;
		};
		27BD4C0B1DD1516000D60BF5 /* Resources */ = {
			isa = PBXResourcesBuildPhase;
			buildActionMask = 2147483647;
			files = (
			);
			runOnlyForDeploymentPostprocessing = 0;
		};
/* End PBXResourcesBuildPhase section */

/* Begin PBXSourcesBuildPhase section */
		27BD4BEA1DD1516000D60BF5 /* Sources */ = {
			isa = PBXSourcesBuildPhase;
			buildActionMask = 2147483647;
			files = (
				27BD4C241DD15D2400D60BF5 /* MissionDetailViewControllerDelegate.swift in Sources */,
				27BD4C221DD1556E00D60BF5 /* MissionDetailViewController.swift in Sources */,
				27BD4BF41DD1516000D60BF5 /* ViewController.swift in Sources */,
				27BD4BF21DD1516000D60BF5 /* AppDelegate.swift in Sources */,
				27BD4C201DD154E300D60BF5 /* cancelButton.swift in Sources */,
			);
			runOnlyForDeploymentPostprocessing = 0;
		};
		27BD4BFE1DD1516000D60BF5 /* Sources */ = {
			isa = PBXSourcesBuildPhase;
			buildActionMask = 2147483647;
			files = (
				27BD4C071DD1516000D60BF5 /* bucket_list_crudTests.swift in Sources */,
			);
			runOnlyForDeploymentPostprocessing = 0;
		};
		27BD4C091DD1516000D60BF5 /* Sources */ = {
			isa = PBXSourcesBuildPhase;
			buildActionMask = 2147483647;
			files = (
				27BD4C121DD1516000D60BF5 /* bucket_list_crudUITests.swift in Sources */,
			);
			runOnlyForDeploymentPostprocessing = 0;
		};
/* End PBXSourcesBuildPhase section */

/* Begin PBXTargetDependency section */
		27BD4C041DD1516000D60BF5 /* PBXTargetDependency */ = {
			isa = PBXTargetDependency;
			target = 27BD4BED1DD1516000D60BF5 /* bucket_list_crud */;
			targetProxy = 27BD4C031DD1516000D60BF5 /* PBXContainerItemProxy */;
		};
		27BD4C0F1DD1516000D60BF5 /* PBXTargetDependency */ = {
			isa = PBXTargetDependency;
			target = 27BD4BED1DD1516000D60BF5 /* bucket_list_crud */;
			targetProxy = 27BD4C0E1DD1516000D60BF5 /* PBXContainerItemProxy */;
		};
/* End PBXTargetDependency section */

/* Begin PBXVariantGroup section */
		27BD4BF51DD1516000D60BF5 /* Main.storyboard */ = {
			isa = PBXVariantGroup;
			children = (
				27BD4BF61DD1516000D60BF5 /* Base */,
			);
			name = Main.storyboard;
			sourceTree = "<group>";
		};
		27BD4BFA1DD1516000D60BF5 /* LaunchScreen.storyboard */ = {
			isa = PBXVariantGroup;
			children = (
				27BD4BFB1DD1516000D60BF5 /* Base */,
			);
			name = LaunchScreen.storyboard;
			sourceTree = "<group>";
		};
/* End PBXVariantGroup section */

/* Begin XCBuildConfiguration section */
		27BD4C141DD1516000D60BF5 /* Debug */ = {
			isa = XCBuildConfiguration;
			buildSettings = {
				ALWAYS_SEARCH_USER_PATHS = NO;
				CLANG_ANALYZER_NONNULL = YES;
				CLANG_CXX_LANGUAGE_STANDARD = "gnu++0x";
				CLANG_CXX_LIBRARY = "libc++";
				CLANG_ENABLE_MODULES = YES;
				CLANG_ENABLE_OBJC_ARC = YES;
				CLANG_WARN_BOOL_CONVERSION = YES;
				CLANG_WARN_CONSTANT_CONVERSION = YES;
				CLANG_WARN_DIRECT_OBJC_ISA_USAGE = YES_ERROR;
				CLANG_WARN_DOCUMENTATION_COMMENTS = YES;
				CLANG_WARN_EMPTY_BODY = YES;
				CLANG_WARN_ENUM_CONVERSION = YES;
				CLANG_WARN_INFINITE_RECURSION = YES;
				CLANG_WARN_INT_CONVERSION = YES;
				CLANG_WARN_OBJC_ROOT_CLASS = YES_ERROR;
				CLANG_WARN_SUSPICIOUS_MOVES = YES;
				CLANG_WARN_UNREACHABLE_CODE = YES;
				CLANG_WARN__DUPLICATE_METHOD_MATCH = YES;
				"CODE_SIGN_IDENTITY[sdk=iphoneos*]" = "iPhone Developer";
				COPY_PHASE_STRIP = NO;
				DEBUG_INFORMATION_FORMAT = dwarf;
				ENABLE_STRICT_OBJC_MSGSEND = YES;
				ENABLE_TESTABILITY = YES;
				GCC_C_LANGUAGE_STANDARD = gnu99;
				GCC_DYNAMIC_NO_PIC = NO;
				GCC_NO_COMMON_BLOCKS = YES;
				GCC_OPTIMIZATION_LEVEL = 0;
				GCC_PREPROCESSOR_DEFINITIONS = (
					"DEBUG=1",
					"$(inherited)",
				);
				GCC_WARN_64_TO_32_BIT_CONVERSION = YES;
				GCC_WARN_ABOUT_RETURN_TYPE = YES_ERROR;
				GCC_WARN_UNDECLARED_SELECTOR = YES;
				GCC_WARN_UNINITIALIZED_AUTOS = YES_AGGRESSIVE;
				GCC_WARN_UNUSED_FUNCTION = YES;
				GCC_WARN_UNUSED_VARIABLE = YES;
				IPHONEOS_DEPLOYMENT_TARGET = 10.1;
				MTL_ENABLE_DEBUG_INFO = YES;
				ONLY_ACTIVE_ARCH = YES;
				SDKROOT = iphoneos;
				SWIFT_ACTIVE_COMPILATION_CONDITIONS = DEBUG;
				SWIFT_OPTIMIZATION_LEVEL = "-Onone";
				TARGETED_DEVICE_FAMILY = "1,2";
			};
			name = Debug;
		};
		27BD4C151DD1516000D60BF5 /* Release */ = {
			isa = XCBuildConfiguration;
			buildSettings = {
				ALWAYS_SEARCH_USER_PATHS = NO;
				CLANG_ANALYZER_NONNULL = YES;
				CLANG_CXX_LANGUAGE_STANDARD = "gnu++0x";
				CLANG_CXX_LIBRARY = "libc++";
				CLANG_ENABLE_MODULES = YES;
				CLANG_ENABLE_OBJC_ARC = YES;
				CLANG_WARN_BOOL_CONVERSION = YES;
				CLANG_WARN_CONSTANT_CONVERSION = YES;
				CLANG_WARN_DIRECT_OBJC_ISA_USAGE = YES_ERROR;
				CLANG_WARN_DOCUMENTATION_COMMENTS = YES;
				CLANG_WARN_EMPTY_BODY = YES;
				CLANG_WARN_ENUM_CONVERSION = YES;
				CLANG_WARN_INFINITE_RECURSION = YES;
				CLANG_WARN_INT_CONVERSION = YES;
				CLANG_WARN_OBJC_ROOT_CLASS = YES_ERROR;
				CLANG_WARN_SUSPICIOUS_MOVES = YES;
				CLANG_WARN_UNREACHABLE_CODE = YES;
				CLANG_WARN__DUPLICATE_METHOD_MATCH = YES;
				"CODE_SIGN_IDENTITY[sdk=iphoneos*]" = "iPhone Developer";
				COPY_PHASE_STRIP = NO;
				DEBUG_INFORMATION_FORMAT = "dwarf-with-dsym";
				ENABLE_NS_ASSERTIONS = NO;
				ENABLE_STRICT_OBJC_MSGSEND = YES;
				GCC_C_LANGUAGE_STANDARD = gnu99;
				GCC_NO_COMMON_BLOCKS = YES;
				GCC_WARN_64_TO_32_BIT_CONVERSION = YES;
				GCC_WARN_ABOUT_RETURN_TYPE = YES_ERROR;
				GCC_WARN_UNDECLARED_SELECTOR = YES;
				GCC_WARN_UNINITIALIZED_AUTOS = YES_AGGRESSIVE;
				GCC_WARN_UNUSED_FUNCTION = YES;
				GCC_WARN_UNUSED_VARIABLE = YES;
				IPHONEOS_DEPLOYMENT_TARGET = 10.1;
				MTL_ENABLE_DEBUG_INFO = NO;
				SDKROOT = iphoneos;
				SWIFT_OPTIMIZATION_LEVEL = "-Owholemodule";
				TARGETED_DEVICE_FAMILY = "1,2";
				VALIDATE_PRODUCT = YES;
			};
			name = Release;
		};
		27BD4C171DD1516000D60BF5 /* Debug */ = {
			isa = XCBuildConfiguration;
			buildSettings = {
				ASSETCATALOG_COMPILER_APPICON_NAME = AppIcon;
				INFOPLIST_FILE = bucket_list_crud/Info.plist;
				LD_RUNPATH_SEARCH_PATHS = "$(inherited) @executable_path/Frameworks";
				PRODUCT_BUNDLE_IDENTIFIER = "single-view-project.bucket-list-crud";
				PRODUCT_NAME = "$(TARGET_NAME)";
				SWIFT_VERSION = 3.0;
			};
			name = Debug;
		};
		27BD4C181DD1516000D60BF5 /* Release */ = {
			isa = XCBuildConfiguration;
			buildSettings = {
				ASSETCATALOG_COMPILER_APPICON_NAME = AppIcon;
				INFOPLIST_FILE = bucket_list_crud/Info.plist;
				LD_RUNPATH_SEARCH_PATHS = "$(inherited) @executable_path/Frameworks";
				PRODUCT_BUNDLE_IDENTIFIER = "single-view-project.bucket-list-crud";
				PRODUCT_NAME = "$(TARGET_NAME)";
				SWIFT_VERSION = 3.0;
			};
			name = Release;
		};
		27BD4C1A1DD1516000D60BF5 /* Debug */ = {
			isa = XCBuildConfiguration;
			buildSettings = {
				ALWAYS_EMBED_SWIFT_STANDARD_LIBRARIES = YES;
				BUNDLE_LOADER = "$(TEST_HOST)";
				INFOPLIST_FILE = bucket_list_crudTests/Info.plist;
				LD_RUNPATH_SEARCH_PATHS = "$(inherited) @executable_path/Frameworks @loader_path/Frameworks";
				PRODUCT_BUNDLE_IDENTIFIER = "single-view-project.bucket-list-crudTests";
				PRODUCT_NAME = "$(TARGET_NAME)";
				SWIFT_VERSION = 3.0;
				TEST_HOST = "$(BUILT_PRODUCTS_DIR)/bucket_list_crud.app/bucket_list_crud";
			};
			name = Debug;
		};
		27BD4C1B1DD1516000D60BF5 /* Release */ = {
			isa = XCBuildConfiguration;
			buildSettings = {
				ALWAYS_EMBED_SWIFT_STANDARD_LIBRARIES = YES;
				BUNDLE_LOADER = "$(TEST_HOST)";
				INFOPLIST_FILE = bucket_list_crudTests/Info.plist;
				LD_RUNPATH_SEARCH_PATHS = "$(inherited) @executable_path/Frameworks @loader_path/Frameworks";
				PRODUCT_BUNDLE_IDENTIFIER = "single-view-project.bucket-list-crudTests";
				PRODUCT_NAME = "$(TARGET_NAME)";
				SWIFT_VERSION = 3.0;
				TEST_HOST = "$(BUILT_PRODUCTS_DIR)/bucket_list_crud.app/bucket_list_crud";
			};
			name = Release;
		};
		27BD4C1D1DD1516000D60BF5 /* Debug */ = {
			isa = XCBuildConfiguration;
			buildSettings = {
				ALWAYS_EMBED_SWIFT_STANDARD_LIBRARIES = YES;
				INFOPLIST_FILE = bucket_list_crudUITests/Info.plist;
				LD_RUNPATH_SEARCH_PATHS = "$(inherited) @executable_path/Frameworks @loader_path/Frameworks";
				PRODUCT_BUNDLE_IDENTIFIER = "single-view-project.bucket-list-crudUITests";
				PRODUCT_NAME = "$(TARGET_NAME)";
				SWIFT_VERSION = 3.0;
				TEST_TARGET_NAME = bucket_list_crud;
			};
			name = Debug;
		};
		27BD4C1E1DD1516000D60BF5 /* Release */ = {
			isa = XCBuildConfiguration;
			buildSettings = {
				ALWAYS_EMBED_SWIFT_STANDARD_LIBRARIES = YES;
				INFOPLIST_FILE = bucket_list_crudUITests/Info.plist;
				LD_RUNPATH_SEARCH_PATHS = "$(inherited) @executable_path/Frameworks @loader_path/Frameworks";
				PRODUCT_BUNDLE_IDENTIFIER = "single-view-project.bucket-list-crudUITests";
				PRODUCT_NAME = "$(TARGET_NAME)";
				SWIFT_VERSION = 3.0;
				TEST_TARGET_NAME = bucket_list_crud;
			};
			name = Release;
		};
/* End XCBuildConfiguration section */

/* Begin XCConfigurationList section */
		27BD4BE91DD1516000D60BF5 /* Build configuration list for PBXProject "bucket_list_crud" */ = {
			isa = XCConfigurationList;
			buildConfigurations = (
				27BD4C141DD1516000D60BF5 /* Debug */,
				27BD4C151DD1516000D60BF5 /* Release */,
			);
			defaultConfigurationIsVisible = 0;
			defaultConfigurationName = Release;
		};
		27BD4C161DD1516000D60BF5 /* Build configuration list for PBXNativeTarget "bucket_list_crud" */ = {
			isa = XCConfigurationList;
			buildConfigurations = (
				27BD4C171DD1516000D60BF5 /* Debug */,
				27BD4C181DD1516000D60BF5 /* Release */,
			);
			defaultConfigurationIsVisible = 0;
		};
		27BD4C191DD1516000D60BF5 /* Build configuration list for PBXNativeTarget "bucket_list_crudTests" */ = {
			isa = XCConfigurationList;
			buildConfigurations = (
				27BD4C1A1DD1516000D60BF5 /* Debug */,
				27BD4C1B1DD1516000D60BF5 /* Release */,
			);
			defaultConfigurationIsVisible = 0;
		};
		27BD4C1C1DD1516000D60BF5 /* Build configuration list for PBXNativeTarget "bucket_list_crudUITests" */ = {
			isa = XCConfigurationList;
			buildConfigurations = (
				27BD4C1D1DD1516000D60BF5 /* Debug */,
				27BD4C1E1DD1516000D60BF5 /* Release */,
			);
			defaultConfigurationIsVisible = 0;
		};
/* End XCConfigurationList section */
	};
	rootObject = 27BD4BE61DD1516000D60BF5 /* Project object */;
}
